{
    "_readme": [
        "This file locks the dependencies of your project to a known state",
        "Read more about it at https://getcomposer.org/doc/01-basic-usage.md#composer-lock-the-lock-file",
        "This file is @generated automatically"
    ],
    "content-hash": "4dd07f344c17de81f461ad5267e80b89",
    "packages": [
        {
            "name": "jasongrimes/paginator",
            "version": "1.0.3",
            "source": {
                "type": "git",
                "url": "https://github.com/jasongrimes/php-paginator.git",
                "reference": "3411e3cd0c6479a0b514f26e4358f0273552f221"
            },
            "dist": {
                "type": "zip",
                "url": "https://api.github.com/repos/jasongrimes/php-paginator/zipball/3411e3cd0c6479a0b514f26e4358f0273552f221",
                "reference": "3411e3cd0c6479a0b514f26e4358f0273552f221",
                "shasum": ""
            },
            "require": {
                "php": ">=5.3.0"
            },
            "require-dev": {
                "phpunit/phpunit": "~4.2"
            },
            "type": "library",
            "autoload": {
                "psr-0": {
                    "JasonGrimes": "src/"
                }
            },
            "notification-url": "https://packagist.org/downloads/",
            "license": [
                "MIT"
            ],
            "authors": [
                {
                    "name": "Jason Grimes",
                    "email": "jason@grimesit.com"
                }
            ],
            "description": "A lightweight PHP paginator, for generating pagination controls in the style of Stack Overflow and Flickr. The 'first' and 'last' page links are shown inline as page numbers, and excess page numbers are replaced by ellipses.",
            "homepage": "http://github.com/jasongrimes/php-paginator",
            "keywords": [
                "pager",
                "pagination",
                "paginator"
            ],
            "time": "2018-07-11T18:11:49+00:00"
        },
        {
            "name": "monolog/monolog",
            "version": "1.0.2",
            "source": {
                "type": "git",
                "url": "https://github.com/Seldaek/monolog.git",
                "reference": "b704c49a3051536f67f2d39f13568f74615b9922"
            },
            "dist": {
                "type": "zip",
                "url": "https://api.github.com/repos/Seldaek/monolog/zipball/b704c49a3051536f67f2d39f13568f74615b9922",
                "reference": "b704c49a3051536f67f2d39f13568f74615b9922",
                "shasum": ""
            },
            "require": {
                "php": ">=5.3.0"
            },
            "type": "library",
            "autoload": {
                "psr-0": {
                    "Monolog": "src/"
                }
            },
            "notification-url": "https://packagist.org/downloads/",
            "license": [
                "MIT"
            ],
            "authors": [
                {
                    "name": "Jordi Boggiano",
                    "email": "j.boggiano@seld.be",
                    "homepage": "http://seld.be",
                    "role": "Developer"
                }
            ],
            "description": "Logging for PHP 5.3",
            "homepage": "http://github.com/Seldaek/monolog",
            "keywords": [
                "log",
                "logging"
            ],
            "time": "2011-10-24T09:39:02+00:00"
        },
        {
            "name": "neitanod/forceutf8",
            "version": "v2.0.1",
            "source": {
                "type": "git",
                "url": "https://github.com/neitanod/forceutf8.git",
                "reference": "47c883ab2739e7938a8bb0bfd1c29d48c88858de"
            },
            "dist": {
                "type": "zip",
                "url": "https://api.github.com/repos/neitanod/forceutf8/zipball/47c883ab2739e7938a8bb0bfd1c29d48c88858de",
                "reference": "47c883ab2739e7938a8bb0bfd1c29d48c88858de",
                "shasum": ""
            },
            "require": {
                "php": ">=5.3.0"
            },
            "type": "library",
            "autoload": {
                "psr-0": {
                    "ForceUTF8\\": "src/"
                }
            },
            "notification-url": "https://packagist.org/downloads/",
            "authors": [
                {
                    "name": "Sebastián Grignoli",
                    "email": "grignoli@gmail.com"
                }
            ],
            "description": "PHP Class Encoding featuring popular Encoding::toUTF8() function --formerly known as forceUTF8()-- that fixes mixed encoded strings.",
            "homepage": "https://github.com/neitanod/forceutf8",
            "time": "2017-05-22T18:50:57+00:00"
        },
        {
            "name": "psr/cache",
            "version": "1.0.1",
            "source": {
                "type": "git",
                "url": "https://github.com/php-fig/cache.git",
                "reference": "d11b50ad223250cf17b86e38383413f5a6764bf8"
            },
            "dist": {
                "type": "zip",
                "url": "https://api.github.com/repos/php-fig/cache/zipball/d11b50ad223250cf17b86e38383413f5a6764bf8",
                "reference": "d11b50ad223250cf17b86e38383413f5a6764bf8",
                "shasum": ""
            },
            "require": {
                "php": ">=5.3.0"
            },
            "type": "library",
            "extra": {
                "branch-alias": {
                    "dev-master": "1.0.x-dev"
                }
            },
            "autoload": {
                "psr-4": {
                    "Psr\\Cache\\": "src/"
                }
            },
            "notification-url": "https://packagist.org/downloads/",
            "license": [
                "MIT"
            ],
            "authors": [
                {
                    "name": "PHP-FIG",
                    "homepage": "http://www.php-fig.org/"
                }
            ],
            "description": "Common interface for caching libraries",
            "keywords": [
                "cache",
                "psr",
                "psr-6"
            ],
            "time": "2016-08-06T20:24:11+00:00"
        },
        {
            "name": "tedivm/stash",
            "version": "v0.14.2",
            "source": {
                "type": "git",
                "url": "https://github.com/tedious/Stash.git",
                "reference": "7ea9749784152dcd2dab72c4bbf2bef18c326e41"
            },
            "dist": {
                "type": "zip",
                "url": "https://api.github.com/repos/tedious/Stash/zipball/7ea9749784152dcd2dab72c4bbf2bef18c326e41",
                "reference": "7ea9749784152dcd2dab72c4bbf2bef18c326e41",
                "shasum": ""
            },
            "require": {
                "php": "^5.4|^7.0",
                "psr/cache": "~1.0"
            },
            "provide": {
                "psr/cache-implementation": "1.0.0"
            },
            "require-dev": {
                "friendsofphp/php-cs-fixer": "^1.9",
                "phpunit/phpunit": "4.8.*",
                "satooshi/php-coveralls": "1.0.*"
            },
            "type": "library",
            "autoload": {
                "psr-4": {
                    "Stash\\": "src/Stash/"
                }
            },
            "notification-url": "https://packagist.org/downloads/",
            "license": [
                "BSD-3-Clause"
            ],
            "authors": [
                {
                    "name": "Robert Hafner",
                    "email": "tedivm@tedivm.com"
                },
                {
                    "name": "Josh Hall-Bachner",
                    "email": "charlequin@gmail.com"
                }
            ],
            "description": "The place to keep your cache.",
            "homepage": "http://github.com/tedious/Stash",
            "keywords": [
                "apc",
                "cache",
                "caching",
                "memcached",
                "psr-6",
                "psr6",
                "redis",
                "sessions"
            ],
            "time": "2017-04-23T17:16:57+00:00"
        }
    ],
    "packages-dev": [],
    "aliases": [],
    "minimum-stability": "stable",
    "stability-flags": [],
    "prefer-stable": false,
    "prefer-lowest": false,
    "platform": [],
    "platform-dev": []
}
